
Microsoft Visual Studio Solution File, Format Version 12.00
# Visual Studio Version 17
VisualStudioVersion = 17.5.002.0
MinimumVisualStudioVersion = 10.0.40219.1
Project("{9A19103F-16F7-4668-BE54-9A1E7A4F7556}") = "FurFiesta", "FurFiesta\FurFiesta.csproj", "{26E52E41-1E60-4097-932D-A70BB69A7A47}"
EndProject
Global
	GlobalSection(SolutionConfigurationPlatforms) = preSolution
		Debug|Any CPU = Debug|Any CPU
		Release|Any CPU = Release|Any CPU
	EndGlobalSection
	GlobalSection(ProjectConfigurationPlatforms) = postSolution
		{26E52E41-1E60-4097-932D-A70BB69A7A47}.Debug|Any CPU.ActiveCfg = Debug|Any CPU
		{26E52E41-1E60-4097-932D-A70BB69A7A47}.Debug|Any CPU.Build.0 = Debug|Any CPU
		{26E52E41-1E60-4097-932D-A70BB69A7A47}.Release|Any CPU.ActiveCfg = Release|Any CPU
		{26E52E41-1E60-4097-932D-A70BB69A7A47}.Release|Any CPU.Build.0 = Release|Any CPU
	EndGlobalSection
	GlobalSection(SolutionProperties) = preSolution
		HideSolutionNode = FALSE
	EndGlobalSection
	GlobalSection(ExtensibilityGlobals) = postSolution
		SolutionGuid = {7AEFC45F-FE7F-414A-91F7-C4F18CFC72E0}
	EndGlobalSection
EndGlobal
